
Microsoft Visual Studio Solution File, Format Version 12.00
# Visual Studio Version 17
VisualStudioVersion = 17.0.32112.339
MinimumVisualStudioVersion = 10.0.40219.1
Project("{FAE04EC0-301F-11D3-BF4B-00C04F79EFBC}") = "AppIntermedio369.Android", "AppIntermedio369.Android\AppIntermedio369.Android.csproj", "{D389F29A-D8F7-4390-AEC1-C67E8CD3C86B}"
EndProject
Project("{FAE04EC0-301F-11D3-BF4B-00C04F79EFBC}") = "AppIntermedio369.iOS", "AppIntermedio369.iOS\AppIntermedio369.iOS.csproj", "{68AC8569-449C-4EAF-B398-66A64146E2E5}"
EndProject
Project("{FAE04EC0-301F-11D3-BF4B-00C04F79EFBC}") = "AppIntermedio369", "AppIntermedio369\AppIntermedio369.csproj", "{59079937-884E-47BC-9345-70AF90C2005E}"
EndProject
Global
	GlobalSection(SolutionConfigurationPlatforms) = preSolution
		Debug|Any CPU = Debug|Any CPU
		Debug|iPhone = Debug|iPhone
		Debug|iPhoneSimulator = Debug|iPhoneSimulator
		Release|Any CPU = Release|Any CPU
		Release|iPhone = Release|iPhone
		Release|iPhoneSimulator = Release|iPhoneSimulator
	EndGlobalSection
	GlobalSection(ProjectConfigurationPlatforms) = postSolution
		{D389F29A-D8F7-4390-AEC1-C67E8CD3C86B}.Debug|Any CPU.ActiveCfg = Debug|Any CPU
		{D389F29A-D8F7-4390-AEC1-C67E8CD3C86B}.Debug|Any CPU.Build.0 = Debug|Any CPU
		{D389F29A-D8F7-4390-AEC1-C67E8CD3C86B}.Debug|Any CPU.Deploy.0 = Debug|Any CPU
		{D389F29A-D8F7-4390-AEC1-C67E8CD3C86B}.Debug|iPhone.ActiveCfg = Debug|Any CPU
		{D389F29A-D8F7-4390-AEC1-C67E8CD3C86B}.Debug|iPhone.Build.0 = Debug|Any CPU
		{D389F29A-D8F7-4390-AEC1-C67E8CD3C86B}.Debug|iPhone.Deploy.0 = Debug|Any CPU
		{D389F29A-D8F7-4390-AEC1-C67E8CD3C86B}.Debug|iPhoneSimulator.ActiveCfg = Debug|Any CPU
		{D389F29A-D8F7-4390-AEC1-C67E8CD3C86B}.Debug|iPhoneSimulator.Build.0 = Debug|Any CPU
		{D389F29A-D8F7-4390-AEC1-C67E8CD3C86B}.Debug|iPhoneSimulator.Deploy.0 = Debug|Any CPU
		{D389F29A-D8F7-4390-AEC1-C67E8CD3C86B}.Release|Any CPU.ActiveCfg = Release|Any CPU
		{D389F29A-D8F7-4390-AEC1-C67E8CD3C86B}.Release|Any CPU.Build.0 = Release|Any CPU
		{D389F29A-D8F7-4390-AEC1-C67E8CD3C86B}.Release|Any CPU.Deploy.0 = Release|Any CPU
		{D389F29A-D8F7-4390-AEC1-C67E8CD3C86B}.Release|iPhone.ActiveCfg = Release|Any CPU
		{D389F29A-D8F7-4390-AEC1-C67E8CD3C86B}.Release|iPhone.Build.0 = Release|Any CPU
		{D389F29A-D8F7-4390-AEC1-C67E8CD3C86B}.Release|iPhone.Deploy.0 = Release|Any CPU
		{D389F29A-D8F7-4390-AEC1-C67E8CD3C86B}.Release|iPhoneSimulator.ActiveCfg = Release|Any CPU
		{D389F29A-D8F7-4390-AEC1-C67E8CD3C86B}.Release|iPhoneSimulator.Build.0 = Release|Any CPU
		{D389F29A-D8F7-4390-AEC1-C67E8CD3C86B}.Release|iPhoneSimulator.Deploy.0 = Release|Any CPU
		{68AC8569-449C-4EAF-B398-66A64146E2E5}.Debug|Any CPU.ActiveCfg = Debug|iPhone
		{68AC8569-449C-4EAF-B398-66A64146E2E5}.Debug|Any CPU.Build.0 = Debug|iPhone
		{68AC8569-449C-4EAF-B398-66A64146E2E5}.Debug|Any CPU.Deploy.0 = Debug|iPhone
		{68AC8569-449C-4EAF-B398-66A64146E2E5}.Debug|iPhone.ActiveCfg = Debug|iPhone
		{68AC8569-449C-4EAF-B398-66A64146E2E5}.Debug|iPhone.Build.0 = Debug|iPhone
		{68AC8569-449C-4EAF-B398-66A64146E2E5}.Debug|iPhone.Deploy.0 = Debug|iPhone
		{68AC8569-449C-4EAF-B398-66A64146E2E5}.Debug|iPhoneSimulator.ActiveCfg = Debug|iPhoneSimulator
		{68AC8569-449C-4EAF-B398-66A64146E2E5}.Debug|iPhoneSimulator.Build.0 = Debug|iPhoneSimulator
		{68AC8569-449C-4EAF-B398-66A64146E2E5}.Debug|iPhoneSimulator.Deploy.0 = Debug|iPhoneSimulator
		{68AC8569-449C-4EAF-B398-66A64146E2E5}.Release|Any CPU.ActiveCfg = Release|iPhoneSimulator
		{68AC8569-449C-4EAF-B398-66A64146E2E5}.Release|Any CPU.Build.0 = Release|iPhoneSimulator
		{68AC8569-449C-4EAF-B398-66A64146E2E5}.Release|Any CPU.Deploy.0 = Release|iPhoneSimulator
		{68AC8569-449C-4EAF-B398-66A64146E2E5}.Release|iPhone.ActiveCfg = Release|iPhone
		{68AC8569-449C-4EAF-B398-66A64146E2E5}.Release|iPhone.Build.0 = Release|iPhone
		{68AC8569-449C-4EAF-B398-66A64146E2E5}.Release|iPhone.Deploy.0 = Release|iPhone
		{68AC8569-449C-4EAF-B398-66A64146E2E5}.Release|iPhoneSimulator.ActiveCfg = Release|iPhoneSimulator
		{68AC8569-449C-4EAF-B398-66A64146E2E5}.Release|iPhoneSimulator.Build.0 = Release|iPhoneSimulator
		{68AC8569-449C-4EAF-B398-66A64146E2E5}.Release|iPhoneSimulator.Deploy.0 = Release|iPhoneSimulator
		{59079937-884E-47BC-9345-70AF90C2005E}.Debug|Any CPU.ActiveCfg = Debug|Any CPU
		{59079937-884E-47BC-9345-70AF90C2005E}.Debug|Any CPU.Build.0 = Debug|Any CPU
		{59079937-884E-47BC-9345-70AF90C2005E}.Debug|Any CPU.Deploy.0 = Debug|Any CPU
		{59079937-884E-47BC-9345-70AF90C2005E}.Debug|iPhone.ActiveCfg = Debug|Any CPU
		{59079937-884E-47BC-9345-70AF90C2005E}.Debug|iPhone.Build.0 = Debug|Any CPU
		{59079937-884E-47BC-9345-70AF90C2005E}.Debug|iPhone.Deploy.0 = Debug|Any CPU
		{59079937-884E-47BC-9345-70AF90C2005E}.Debug|iPhoneSimulator.ActiveCfg = Debug|Any CPU
		{59079937-884E-47BC-9345-70AF90C2005E}.Debug|iPhoneSimulator.Build.0 = Debug|Any CPU
		{59079937-884E-47BC-9345-70AF90C2005E}.Debug|iPhoneSimulator.Deploy.0 = Debug|Any CPU
		{59079937-884E-47BC-9345-70AF90C2005E}.Release|Any CPU.ActiveCfg = Release|Any CPU
		{59079937-884E-47BC-9345-70AF90C2005E}.Release|Any CPU.Build.0 = Release|Any CPU
		{59079937-884E-47BC-9345-70AF90C2005E}.Release|Any CPU.Deploy.0 = Release|Any CPU
		{59079937-884E-47BC-9345-70AF90C2005E}.Release|iPhone.ActiveCfg = Release|Any CPU
		{59079937-884E-47BC-9345-70AF90C2005E}.Release|iPhone.Build.0 = Release|Any CPU
		{59079937-884E-47BC-9345-70AF90C2005E}.Release|iPhone.Deploy.0 = Release|Any CPU
		{59079937-884E-47BC-9345-70AF90C2005E}.Release|iPhoneSimulator.ActiveCfg = Release|Any CPU
		{59079937-884E-47BC-9345-70AF90C2005E}.Release|iPhoneSimulator.Build.0 = Release|Any CPU
		{59079937-884E-47BC-9345-70AF90C2005E}.Release|iPhoneSimulator.Deploy.0 = Release|Any CPU
	EndGlobalSection
	GlobalSection(SolutionProperties) = preSolution
		HideSolutionNode = FALSE
	EndGlobalSection
	GlobalSection(ExtensibilityGlobals) = postSolution
		SolutionGuid = {A75B7C75-701A-482F-9D7F-8DDA476623B9}
	EndGlobalSection
EndGlobal
